---
:runtime:
- log4j:log4j:jar:1.2.17
- aopalliance:aopalliance:jar:1.0
- org.apache.xmlgraphics:batik-svggen:jar:1.7
- org.springframework.security:spring-security-core:jar:3.2.3.RELEASE
- org.apache.xmlgraphics:xmlgraphics-commons:jar:1.2
- org.apache.xmlgraphics:batik-util:jar:1.7
- org.apache.xmlgraphics:batik-gvt:jar:1.7
- org.activiti:activiti-process-validation:jar:5.19.0.1
- org.activiti:activiti-common-rest:jar:5.19.0.1
- org.apache.avalon.framework:avalon-framework-impl:jar:4.3.1
- org.slf4j:slf4j-log4j12:jar:1.7.13
- org.apache.xmlgraphics:batik-parser:jar:1.7
- xml-apis:xml-apis-ext:jar:1.3.04
- org.apache.xmlgraphics:batik-script:jar:1.7
- org.springframework:spring-beans:jar:4.1.5.RELEASE
- org.activiti:activiti-json-converter:jar:5.19.0.1
- org.apache.xmlgraphics:batik-bridge:jar:1.7
- org.apache.avalon.framework:avalon-framework-api:jar:4.3.1
- org.apache.xmlgraphics:batik-svg-dom:jar:1.7
- org.activiti:activiti-bpmn-model:jar:5.19.0.1
- org.springframework:spring-aop:jar:4.1.5.RELEASE
- org.apache.xmlgraphics:batik-js:jar:1.7
- org.springframework:spring-expression:jar:4.1.5.RELEASE
- org.springframework.security:spring-security-config:jar:3.2.3.RELEASE
- xml-apis:xml-apis:jar:1.3.04
- math.geom2d:javaGeom:jar:0.11.1
- org.apache.xmlgraphics:fop:jar:0.94
- org.apache.xmlgraphics:batik-dom:jar:1.7
- org.activiti:activiti-engine:jar:5.19.0.1
- org.activiti:activiti-modeler:jar:5.19.0.1
- org.apache.commons:commons-lang3:jar:3.3.2
- com.fasterxml.jackson.core:jackson-core:jar:2.2.3
- org.apache.xmlgraphics:batik-codec:jar:1.7
- org.slf4j:slf4j-api:jar:1.7.6
- org.springframework:spring-webmvc:jar:4.1.5.RELEASE
- org.apache.xmlgraphics:batik-css:jar:1.7
- org.springframework:spring-context:jar:4.1.5.RELEASE
- org.springframework:spring-core:jar:4.1.5.RELEASE
- org.apache.xmlgraphics:batik-awt-util:jar:1.7
- commons-collections:commons-collections:jar:3.2.1
- commons-logging:commons-logging:jar:1.0.4
- org.apache.xmlgraphics:batik-xml:jar:1.7
- org.slf4j:jcl-over-slf4j:jar:1.7.6
- org.mybatis:mybatis:jar:3.2.5
- com.h2database:h2:jar:1.4.190
- org.springframework:spring-web:jar:4.1.5.RELEASE
- org.springframework.security:spring-security-crypto:jar:3.2.3.RELEASE
- javax.activation:activation:jar:1.1.1
- org.activiti:activiti-bpmn-converter:jar:5.19.0.1
- org.apache.commons:commons-email:jar:1.4
- com.sun.mail:javax.mail:jar:1.5.2
- org.springframework:spring-tx:jar:4.1.5.RELEASE
- com.fasterxml.jackson.core:jackson-databind:jar:2.2.3
- org.apache.xmlgraphics:batik-transcoder:jar:1.7
- org.activiti:activiti-image-generator:jar:5.19.0.1
- joda-time:joda-time:jar:2.6
- com.fasterxml.jackson.core:jackson-annotations:jar:2.2.3
- commons-io:commons-io:jar:1.1
- org.apache.xmlgraphics:batik-anim:jar:1.7
- org.springframework.security:spring-security-web:jar:3.2.3.RELEASE
- org.apache.xmlgraphics:batik-ext:jar:1.7
